# This file is automatically @generated by Cargo.
# It is not intended for manual editing.
[[package]]
name = "approx"
version = "0.3.2"
source = "registry+https://github.com/rust-lang/crates.io-index"
dependencies = [
 "num-traits 0.2.6 (registry+https://github.com/rust-lang/crates.io-index)",
]

[[package]]
name = "num-traits"
version = "0.2.6"
source = "registry+https://github.com/rust-lang/crates.io-index"

[[package]]
name = "rtc"
version = "0.1.0"
dependencies = [
 "approx 0.3.2 (registry+https://github.com/rust-lang/crates.io-index)",
]

[metadata]
"checksum approx 0.3.2 (registry+https://github.com/rust-lang/crates.io-index)" = "f0e60b75072ecd4168020818c0107f2857bb6c4e64252d8d3983f6263b40a5c3"
"checksum num-traits 0.2.6 (registry+https://github.com/rust-lang/crates.io-index)" = "0b3a5d7cc97d6d30d8b9bc8fa19bf45349ffe46241e8816f50f62f6d6aaabee1"
